{
  "lockfileVersion": 1,
  "workspaces": {
    "": {
      "name": "eye-candy-photo-club",
      "dependencies": {
        "bun": "^1.0.0",
      },
    },
  },
  "packages": {
    "@oven/bun-darwin-aarch64": ["@oven/bun-darwin-aarch64@1.2.8", "", { "os": "darwin", "cpu": "arm64" }, "sha512-O97RiReqBVzno5qLgoFX/dYI+xO+jSTIw0S+Cp1MRedXMZEqEgi8ql3ExWpteZyvUGBiXdvc0sQSOQwPoEwiPA=="],

    "@oven/bun-darwin-x64": ["@oven/bun-darwin-x64@1.2.8", "", { "os": "darwin", "cpu": "x64" }, "sha512-aofXwEl3ZzQgiOw/ITzAlXIpQiWeslvIVxol5/n/7Dv8Ekfrqhvo+j/uvEvY0KDECUn8gNIHwa839d701u/rhA=="],

    "@oven/bun-darwin-x64-baseline": ["@oven/bun-darwin-x64-baseline@1.2.8", "", { "os": "darwin", "cpu": "x64" }, "sha512-SqckVEKEALPJ1TLE+w1xlieZW5coRmmm2nxV5sxMs5BqUb6asrhJ+Wp51KePScvb2ctN7A00SGpROxVq2IA5GQ=="],

    "@oven/bun-linux-aarch64": ["@oven/bun-linux-aarch64@1.2.8", "", { "os": "linux", "cpu": "arm64" }, "sha512-BYzMj7H49xwmUBlHwfIXm/ky1D8yZyyVOnyRDNLTT+3+/odw7TTz3/+lZEBPGyet2tZ6oyBeis1xSZ9vYwSzZA=="],

    "@oven/bun-linux-aarch64-musl": ["@oven/bun-linux-aarch64-musl@1.2.8", "", { "os": "linux", "cpu": "none" }, "sha512-rl15SGTFCNj1PE/I2VpUc4XvOZXDCPlqgJGTAObH7+731ET6wgclAehp0x7s2qdyDN4awPnOtold+FYvMH/g9Q=="],

    "@oven/bun-linux-x64": ["@oven/bun-linux-x64@1.2.8", "", { "os": "linux", "cpu": "x64" }, "sha512-AzvrOAUGsKI9U7eYIbJbgtLVq9Jhx8dExt9QY6PtCgBklUlpTBU+9T+HPgXJqtIJYGtn9C9W4EBGjq9fEgy08A=="],

    "@oven/bun-linux-x64-baseline": ["@oven/bun-linux-x64-baseline@1.2.8", "", { "os": "linux", "cpu": "x64" }, "sha512-j0SxtM9XYCE0N7vnUzuYfnP2iFSoTsQ7pF+K0DPUr/+zmBVJ5tcZUU3xRPc4St86zSrMUD3J2tIUTNksxo81sw=="],

    "@oven/bun-linux-x64-musl": ["@oven/bun-linux-x64-musl@1.2.8", "", { "os": "linux", "cpu": "x64" }, "sha512-NgjwsqRWRbCycTlLxg2mka3ZW8cnLPwkmg/zWRe9yjMutU7TGPV0Ak8cCf9PvA6Xgmrz+/HSO1ohO6Pii6Tb3w=="],

    "@oven/bun-linux-x64-musl-baseline": ["@oven/bun-linux-x64-musl-baseline@1.2.8", "", { "os": "linux", "cpu": "x64" }, "sha512-JbkQ452sYyK/TZGCvYz5eCmnlIazhPqkuEfZDwr9K2hfaY8JGJKwkC1sLxM3yvfoXzPgDrPFvYGBU75hmrJHTQ=="],

    "@oven/bun-windows-x64": ["@oven/bun-windows-x64@1.2.8", "", { "os": "win32", "cpu": "x64" }, "sha512-9nQ45l6LCG+v0AUoBQrrSqsznO0Y36EyQ9sJmDYsI4faPmkHd+cQiyNnMFO5vIwjTXbB3Hb65ql7bjNYbP/O5g=="],

    "@oven/bun-windows-x64-baseline": ["@oven/bun-windows-x64-baseline@1.2.8", "", { "os": "win32", "cpu": "x64" }, "sha512-fVZ1hNhA9Gph76jToSc5lglNO7Y349v4IUwZaBH25ypenyPPrBoxH11D8v/EB95CsUej4KyWieYcxUiTNZUVmg=="],

    "bun": ["bun@1.2.8", "", { "optionalDependencies": { "@oven/bun-darwin-aarch64": "1.2.8", "@oven/bun-darwin-x64": "1.2.8", "@oven/bun-darwin-x64-baseline": "1.2.8", "@oven/bun-linux-aarch64": "1.2.8", "@oven/bun-linux-aarch64-musl": "1.2.8", "@oven/bun-linux-x64": "1.2.8", "@oven/bun-linux-x64-baseline": "1.2.8", "@oven/bun-linux-x64-musl": "1.2.8", "@oven/bun-linux-x64-musl-baseline": "1.2.8", "@oven/bun-windows-x64": "1.2.8", "@oven/bun-windows-x64-baseline": "1.2.8" }, "os": [ "linux", "win32", "darwin", ], "cpu": [ "x64", "arm64", ], "bin": { "bun": "bin/bun.exe", "bunx": "bin/bun.exe" } }, "sha512-X8r9UuXAruvpE37u/JVfvJI8KRdFf9hUdTLw00DMScnBe7Xerawd/VvmFVT9Y/NrmXDAdDp0Dm6N6bulZYTGvA=="],
  }
}
